
Microsoft Visual Studio Solution File, Format Version 12.00
# Visual Studio Version 16
VisualStudioVersion = 16.6.30114.105
MinimumVisualStudioVersion = 10.0.40219.1
Project("{FAE04EC0-301F-11D3-BF4B-00C04F79EFBC}") = "GitHook.BusinessLayer", "GitHook.BusinessLayer\GitHook.BusinessLayer.csproj", "{88F6AAA5-80DA-41DB-BAFA-FE675B717E0C}"
EndProject
Project("{FAE04EC0-301F-11D3-BF4B-00C04F79EFBC}") = "GitHook.Models", "GitHook.Models\GitHook.Models.csproj", "{4A7F330B-5BFA-4D88-88C0-E7D9BF87D6BE}"
EndProject
Project("{FAE04EC0-301F-11D3-BF4B-00C04F79EFBC}") = "GitHook.WebHook", "GitHook.WebHook\GitHook.WebHook.csproj", "{4098A5B9-1C0B-44E6-AA7F-D597006243B2}"
EndProject
Project("{FAE04EC0-301F-11D3-BF4B-00C04F79EFBC}") = "BranchProtect", "BranchProtect\BranchProtect.csproj", "{2A8885A6-6A2B-4DE6-AC1C-BC033EC46B58}"
EndProject
Global
	GlobalSection(SolutionConfigurationPlatforms) = preSolution
		Debug|Any CPU = Debug|Any CPU
		Debug|x64 = Debug|x64
		Debug|x86 = Debug|x86
		Release|Any CPU = Release|Any CPU
		Release|x64 = Release|x64
		Release|x86 = Release|x86
	EndGlobalSection
	GlobalSection(SolutionProperties) = preSolution
		HideSolutionNode = FALSE
	EndGlobalSection
	GlobalSection(ProjectConfigurationPlatforms) = postSolution
		{88F6AAA5-80DA-41DB-BAFA-FE675B717E0C}.Debug|Any CPU.ActiveCfg = Debug|Any CPU
		{88F6AAA5-80DA-41DB-BAFA-FE675B717E0C}.Debug|Any CPU.Build.0 = Debug|Any CPU
		{88F6AAA5-80DA-41DB-BAFA-FE675B717E0C}.Debug|x64.ActiveCfg = Debug|Any CPU
		{88F6AAA5-80DA-41DB-BAFA-FE675B717E0C}.Debug|x64.Build.0 = Debug|Any CPU
		{88F6AAA5-80DA-41DB-BAFA-FE675B717E0C}.Debug|x86.ActiveCfg = Debug|Any CPU
		{88F6AAA5-80DA-41DB-BAFA-FE675B717E0C}.Debug|x86.Build.0 = Debug|Any CPU
		{88F6AAA5-80DA-41DB-BAFA-FE675B717E0C}.Release|Any CPU.ActiveCfg = Release|Any CPU
		{88F6AAA5-80DA-41DB-BAFA-FE675B717E0C}.Release|Any CPU.Build.0 = Release|Any CPU
		{88F6AAA5-80DA-41DB-BAFA-FE675B717E0C}.Release|x64.ActiveCfg = Release|Any CPU
		{88F6AAA5-80DA-41DB-BAFA-FE675B717E0C}.Release|x64.Build.0 = Release|Any CPU
		{88F6AAA5-80DA-41DB-BAFA-FE675B717E0C}.Release|x86.ActiveCfg = Release|Any CPU
		{88F6AAA5-80DA-41DB-BAFA-FE675B717E0C}.Release|x86.Build.0 = Release|Any CPU
		{4A7F330B-5BFA-4D88-88C0-E7D9BF87D6BE}.Debug|Any CPU.ActiveCfg = Debug|Any CPU
		{4A7F330B-5BFA-4D88-88C0-E7D9BF87D6BE}.Debug|Any CPU.Build.0 = Debug|Any CPU
		{4A7F330B-5BFA-4D88-88C0-E7D9BF87D6BE}.Debug|x64.ActiveCfg = Debug|Any CPU
		{4A7F330B-5BFA-4D88-88C0-E7D9BF87D6BE}.Debug|x64.Build.0 = Debug|Any CPU
		{4A7F330B-5BFA-4D88-88C0-E7D9BF87D6BE}.Debug|x86.ActiveCfg = Debug|Any CPU
		{4A7F330B-5BFA-4D88-88C0-E7D9BF87D6BE}.Debug|x86.Build.0 = Debug|Any CPU
		{4A7F330B-5BFA-4D88-88C0-E7D9BF87D6BE}.Release|Any CPU.ActiveCfg = Release|Any CPU
		{4A7F330B-5BFA-4D88-88C0-E7D9BF87D6BE}.Release|Any CPU.Build.0 = Release|Any CPU
		{4A7F330B-5BFA-4D88-88C0-E7D9BF87D6BE}.Release|x64.ActiveCfg = Release|Any CPU
		{4A7F330B-5BFA-4D88-88C0-E7D9BF87D6BE}.Release|x64.Build.0 = Release|Any CPU
		{4A7F330B-5BFA-4D88-88C0-E7D9BF87D6BE}.Release|x86.ActiveCfg = Release|Any CPU
		{4A7F330B-5BFA-4D88-88C0-E7D9BF87D6BE}.Release|x86.Build.0 = Release|Any CPU
		{4098A5B9-1C0B-44E6-AA7F-D597006243B2}.Debug|Any CPU.ActiveCfg = Debug|Any CPU
		{4098A5B9-1C0B-44E6-AA7F-D597006243B2}.Debug|Any CPU.Build.0 = Debug|Any CPU
		{4098A5B9-1C0B-44E6-AA7F-D597006243B2}.Debug|x64.ActiveCfg = Debug|Any CPU
		{4098A5B9-1C0B-44E6-AA7F-D597006243B2}.Debug|x64.Build.0 = Debug|Any CPU
		{4098A5B9-1C0B-44E6-AA7F-D597006243B2}.Debug|x86.ActiveCfg = Debug|Any CPU
		{4098A5B9-1C0B-44E6-AA7F-D597006243B2}.Debug|x86.Build.0 = Debug|Any CPU
		{4098A5B9-1C0B-44E6-AA7F-D597006243B2}.Release|Any CPU.ActiveCfg = Release|Any CPU
		{4098A5B9-1C0B-44E6-AA7F-D597006243B2}.Release|Any CPU.Build.0 = Release|Any CPU
		{4098A5B9-1C0B-44E6-AA7F-D597006243B2}.Release|x64.ActiveCfg = Release|Any CPU
		{4098A5B9-1C0B-44E6-AA7F-D597006243B2}.Release|x64.Build.0 = Release|Any CPU
		{4098A5B9-1C0B-44E6-AA7F-D597006243B2}.Release|x86.ActiveCfg = Release|Any CPU
		{4098A5B9-1C0B-44E6-AA7F-D597006243B2}.Release|x86.Build.0 = Release|Any CPU
		{2A8885A6-6A2B-4DE6-AC1C-BC033EC46B58}.Debug|Any CPU.ActiveCfg = Debug|Any CPU
		{2A8885A6-6A2B-4DE6-AC1C-BC033EC46B58}.Debug|Any CPU.Build.0 = Debug|Any CPU
		{2A8885A6-6A2B-4DE6-AC1C-BC033EC46B58}.Debug|x64.ActiveCfg = Debug|Any CPU
		{2A8885A6-6A2B-4DE6-AC1C-BC033EC46B58}.Debug|x64.Build.0 = Debug|Any CPU
		{2A8885A6-6A2B-4DE6-AC1C-BC033EC46B58}.Debug|x86.ActiveCfg = Debug|Any CPU
		{2A8885A6-6A2B-4DE6-AC1C-BC033EC46B58}.Debug|x86.Build.0 = Debug|Any CPU
		{2A8885A6-6A2B-4DE6-AC1C-BC033EC46B58}.Release|Any CPU.ActiveCfg = Release|Any CPU
		{2A8885A6-6A2B-4DE6-AC1C-BC033EC46B58}.Release|Any CPU.Build.0 = Release|Any CPU
		{2A8885A6-6A2B-4DE6-AC1C-BC033EC46B58}.Release|x64.ActiveCfg = Release|Any CPU
		{2A8885A6-6A2B-4DE6-AC1C-BC033EC46B58}.Release|x64.Build.0 = Release|Any CPU
		{2A8885A6-6A2B-4DE6-AC1C-BC033EC46B58}.Release|x86.ActiveCfg = Release|Any CPU
		{2A8885A6-6A2B-4DE6-AC1C-BC033EC46B58}.Release|x86.Build.0 = Release|Any CPU
	EndGlobalSection
EndGlobal
